
Microsoft Visual Studio Solution File, Format Version 12.00
# Visual Studio Version 17
VisualStudioVersion = 17.5.33424.131
MinimumVisualStudioVersion = 10.0.40219.1
Project("{FAE04EC0-301F-11D3-BF4B-00C04F79EFBC}") = "DataStructureAlgorithm", "DataStructureAlgorithm.csproj", "{1B397623-4D30-43C5-8BCE-593959939286}"
EndProject
Global
	GlobalSection(SolutionConfigurationPlatforms) = preSolution
		Debug|Any CPU = Debug|Any CPU
		Release|Any CPU = Release|Any CPU
	EndGlobalSection
	GlobalSection(ProjectConfigurationPlatforms) = postSolution
		{1B397623-4D30-43C5-8BCE-593959939286}.Debug|Any CPU.ActiveCfg = Debug|Any CPU
		{1B397623-4D30-43C5-8BCE-593959939286}.Debug|Any CPU.Build.0 = Debug|Any CPU
		{1B397623-4D30-43C5-8BCE-593959939286}.Release|Any CPU.ActiveCfg = Release|Any CPU
		{1B397623-4D30-43C5-8BCE-593959939286}.Release|Any CPU.Build.0 = Release|Any CPU
	EndGlobalSection
	GlobalSection(SolutionProperties) = preSolution
		HideSolutionNode = FALSE
	EndGlobalSection
	GlobalSection(ExtensibilityGlobals) = postSolution
		SolutionGuid = {D9466F4B-BD72-4911-9685-4EF7B9EEDBCE}
	EndGlobalSection
EndGlobal
